
Microsoft Visual Studio Solution File, Format Version 12.00
# Visual Studio Version 17
VisualStudioVersion = 17.3.32825.248
MinimumVisualStudioVersion = 10.0.40219.1
Project("{FAE04EC0-301F-11D3-BF4B-00C04F79EFBC}") = "Q1", "Q1\Q1.csproj", "{6E8F333F-BEF7-4432-8A8A-D53F602FD278}"
EndProject
Project("{FAE04EC0-301F-11D3-BF4B-00C04F79EFBC}") = "Q2", "Q2\Q2.csproj", "{0CE33E77-F7DD-495A-A4FA-C709376B803E}"
EndProject
Project("{FAE04EC0-301F-11D3-BF4B-00C04F79EFBC}") = "Q3", "Q3\Q3.csproj", "{4129A685-2B19-4C4F-9731-CCCFBEB8BA79}"
EndProject
Project("{FAE04EC0-301F-11D3-BF4B-00C04F79EFBC}") = "Q4-計算入場費用", "Q4-計算入場費用\Q4-計算入場費用.csproj", "{B6151E99-99B1-41DC-A6B0-0AC708A5A556}"
EndProject
Global
	GlobalSection(SolutionConfigurationPlatforms) = preSolution
		Debug|Any CPU = Debug|Any CPU
		Release|Any CPU = Release|Any CPU
	EndGlobalSection
	GlobalSection(ProjectConfigurationPlatforms) = postSolution
		{6E8F333F-BEF7-4432-8A8A-D53F602FD278}.Debug|Any CPU.ActiveCfg = Debug|Any CPU
		{6E8F333F-BEF7-4432-8A8A-D53F602FD278}.Debug|Any CPU.Build.0 = Debug|Any CPU
		{6E8F333F-BEF7-4432-8A8A-D53F602FD278}.Release|Any CPU.ActiveCfg = Release|Any CPU
		{6E8F333F-BEF7-4432-8A8A-D53F602FD278}.Release|Any CPU.Build.0 = Release|Any CPU
		{0CE33E77-F7DD-495A-A4FA-C709376B803E}.Debug|Any CPU.ActiveCfg = Debug|Any CPU
		{0CE33E77-F7DD-495A-A4FA-C709376B803E}.Debug|Any CPU.Build.0 = Debug|Any CPU
		{0CE33E77-F7DD-495A-A4FA-C709376B803E}.Release|Any CPU.ActiveCfg = Release|Any CPU
		{0CE33E77-F7DD-495A-A4FA-C709376B803E}.Release|Any CPU.Build.0 = Release|Any CPU
		{4129A685-2B19-4C4F-9731-CCCFBEB8BA79}.Debug|Any CPU.ActiveCfg = Debug|Any CPU
		{4129A685-2B19-4C4F-9731-CCCFBEB8BA79}.Debug|Any CPU.Build.0 = Debug|Any CPU
		{4129A685-2B19-4C4F-9731-CCCFBEB8BA79}.Release|Any CPU.ActiveCfg = Release|Any CPU
		{4129A685-2B19-4C4F-9731-CCCFBEB8BA79}.Release|Any CPU.Build.0 = Release|Any CPU
		{B6151E99-99B1-41DC-A6B0-0AC708A5A556}.Debug|Any CPU.ActiveCfg = Debug|Any CPU
		{B6151E99-99B1-41DC-A6B0-0AC708A5A556}.Debug|Any CPU.Build.0 = Debug|Any CPU
		{B6151E99-99B1-41DC-A6B0-0AC708A5A556}.Release|Any CPU.ActiveCfg = Release|Any CPU
		{B6151E99-99B1-41DC-A6B0-0AC708A5A556}.Release|Any CPU.Build.0 = Release|Any CPU
	EndGlobalSection
	GlobalSection(SolutionProperties) = preSolution
		HideSolutionNode = FALSE
	EndGlobalSection
	GlobalSection(ExtensibilityGlobals) = postSolution
		SolutionGuid = {ECEE2DE7-2A16-423D-92BD-D3E6A199DAF2}
	EndGlobalSection
EndGlobal
